version = 1
revision = 3
requires-python = ">=3.14"

[[package]]
name = "data-provider"
version = "0.1.0"
source = { virtual = "." }

[package.dev-dependencies]
dev = [
    { name = "ijson" },
]

[package.metadata]

[package.metadata.requires-dev]
dev = [{ name = "ijson", specifier = ">=3.5.0" }]

[[package]]
name = "ijson"
version = "3.5.0"
source = { registry = "https://pypi.org/simple" }
sdist = { url = "https://files.pythonhosted.org/packages/f4/57/60d1a6a512f2f0508d0bc8b4f1cc5616fd3196619b66bd6a01f9155a1292/ijson-3.5.0.tar.gz", hash = "sha256:94688760720e3f5212731b3cb8d30267f9a045fb38fb3870254e7b9504246f31", size = 68658, upload-time = "2026-02-24T03:58:30.974Z" }
wheels = [
    { url = "https://files.pythonhosted.org/packages/7a/93/0868efe753dc1df80cc405cf0c1f2527a6991643607c741bff8dcb899b3b/ijson-3.5.0-cp314-cp314-macosx_10_15_universal2.whl", hash = "sha256:25a5a6b2045c90bb83061df27cfa43572afa43ba9408611d7bfe237c20a731a9", size = 89094, upload-time = "2026-02-24T03:57:46.115Z" },
    { url = "https://files.pythonhosted.org/packages/24/94/fd5a832a0df52ef5e4e740f14ac8640725d61034a1b0c561e8b5fb424706/ijson-3.5.0-cp314-cp314-macosx_10_15_x86_64.whl", hash = "sha256:8976c54c0b864bc82b951bae06567566ac77ef63b90a773a69cd73aab47f4f4f", size = 60715, upload-time = "2026-02-24T03:57:47.552Z" },
    { url = "https://files.pythonhosted.org/packages/70/79/1b9a90af5732491f9eec751ee211b86b11011e1158c555c06576d52c3919/ijson-3.5.0-cp314-cp314-macosx_11_0_arm64.whl", hash = "sha256:859eb2038f7f1b0664df4241957694cc35e6295992d71c98659b22c69b3cbc10", size = 60638, upload-time = "2026-02-24T03:57:48.428Z" },
    { url = "https://files.pythonhosted.org/packages/23/6f/2c551ea980fe56f68710a8d5389cfbd015fc45aaafd17c3c52c346db6aa1/ijson-3.5.0-cp314-cp314-manylinux1_i686.manylinux_2_28_i686.manylinux_2_5_i686.whl", hash = "sha256:c911aa02991c7c0d3639b6619b93a93210ff1e7f58bf7225d613abea10adc78e", size = 140667, upload-time = "2026-02-24T03:57:49.314Z" },
    { url = "https://files.pythonhosted.org/packages/25/0e/27b887879ba6a5bc29766e3c5af4942638c952220fd63e1e442674f7883a/ijson-3.5.0-cp314-cp314-manylinux2014_aarch64.manylinux_2_17_aarch64.manylinux_2_28_aarch64.whl", hash = "sha256:903cbdc350173605220edc19796fbea9b2203c8b3951fb7335abfa8ed37afda8", size = 149850, upload-time = "2026-02-24T03:57:50.329Z" },
    { url = "https://files.pythonhosted.org/packages/da/1e/23e10e1bc04bf31193b21e2960dce14b17dbd5d0c62204e8401c59d62c08/ijson-3.5.0-cp314-cp314-manylinux2014_x86_64.manylinux_2_17_x86_64.manylinux_2_28_x86_64.whl", hash = "sha256:a4549d96ded5b8efa71639b2160235415f6bdb8c83367615e2dbabcb72755c33", size = 149206, upload-time = "2026-02-24T03:57:51.261Z" },
    { url = "https://files.pythonhosted.org/packages/8e/90/e552f6495063b235cf7fa2c592f6597c057077195e517b842a0374fd470c/ijson-3.5.0-cp314-cp314-musllinux_1_2_aarch64.whl", hash = "sha256:6b2dcf6349e6042d83f3f8c39ce84823cf7577eba25bac5aae5e39bbbbbe9c1c", size = 150438, upload-time = "2026-02-24T03:57:52.198Z" },
    { url = "https://files.pythonhosted.org/packages/5c/18/45bf8f297c41b42a1c231d261141097babd953d2c28a07be57ae4c3a1a02/ijson-3.5.0-cp314-cp314-musllinux_1_2_i686.whl", hash = "sha256:e44af39e6f8a17e5627dcd89715d8279bf3474153ff99aae031a936e5c5572e5", size = 144369, upload-time = "2026-02-24T03:57:53.22Z" },
    { url = "https://files.pythonhosted.org/packages/9b/3a/deb9772bb2c0cead7ad64f00c3598eec9072bdf511818e70e2c512eeabbe/ijson-3.5.0-cp314-cp314-musllinux_1_2_x86_64.whl", hash = "sha256:9260332304b7e7828db56d43f08fc970a3ab741bf84ff10189361ea1b60c395b", size = 151352, upload-time = "2026-02-24T03:57:54.375Z" },
    { url = "https://files.pythonhosted.org/packages/e4/51/67f4d80cd58ad7eab0cd1af5fe28b961886338956b2f88c0979e21914346/ijson-3.5.0-cp314-cp314-win32.whl", hash = "sha256:63bc8121bb422f6969ced270173a3fa692c29d4ae30c860a2309941abd81012a", size = 53610, upload-time = "2026-02-24T03:57:55.655Z" },
    { url = "https://files.pythonhosted.org/packages/70/d3/263672ea22983ba3940f1534316dbc9200952c1c2a2332d7a664e4eaa7ae/ijson-3.5.0-cp314-cp314-win_amd64.whl", hash = "sha256:01b6dad72b7b7df225ef970d334556dfad46c696a2c6767fb5d9ed8889728bca", size = 56301, upload-time = "2026-02-24T03:57:56.584Z" },
    { url = "https://files.pythonhosted.org/packages/9f/d9/86f7fac35e0835faa188085ae0579e813493d5261ce056484015ad533445/ijson-3.5.0-cp314-cp314t-macosx_10_15_universal2.whl", hash = "sha256:2ea4b676ec98e374c1df400a47929859e4fa1239274339024df4716e802aa7e4", size = 93069, upload-time = "2026-02-24T03:57:57.849Z" },
    { url = "https://files.pythonhosted.org/packages/33/d2/e7366ed9c6e60228d35baf4404bac01a126e7775ea8ce57f560125ed190a/ijson-3.5.0-cp314-cp314t-macosx_10_15_x86_64.whl", hash = "sha256:014586eec043e23c80be9a923c56c3a0920a0f1f7d17478ce7bc20ba443968ef", size = 62767, upload-time = "2026-02-24T03:57:58.758Z" },
    { url = "https://files.pythonhosted.org/packages/35/8b/3e703e8cc4b3ada79f13b28070b51d9550c578f76d1968657905857b2ddd/ijson-3.5.0-cp314-cp314t-macosx_11_0_arm64.whl", hash = "sha256:d5b8b886b0248652d437f66e7c5ac318bbdcb2c7137a7e5327a68ca00b286f5f", size = 62467, upload-time = "2026-02-24T03:58:00.261Z" },
    { url = "https://files.pythonhosted.org/packages/21/42/0c91af32c1ee8a957fdac2e051b5780756d05fd34e4b60d94a08d51bac1d/ijson-3.5.0-cp314-cp314t-manylinux1_i686.manylinux_2_28_i686.manylinux_2_5_i686.whl", hash = "sha256:498fd46ae2349297e43acf97cdc421e711dbd7198418677259393d2acdc62d78", size = 200447, upload-time = "2026-02-24T03:58:01.591Z" },
    { url = "https://files.pythonhosted.org/packages/f9/80/796ea0e391b7e2d45c5b1b451734bba03f81c2984cf955ea5eaa6c4920ad/ijson-3.5.0-cp314-cp314t-manylinux2014_aarch64.manylinux_2_17_aarch64.manylinux_2_28_aarch64.whl", hash = "sha256:22a51b4f9b81f12793731cf226266d1de2112c3c04ba4a04117ad4e466897e05", size = 217820, upload-time = "2026-02-24T03:58:02.598Z" },
    { url = "https://files.pythonhosted.org/packages/38/14/52b6613fdda4078c62eb5b4fe3efc724ddc55a4ad524c93de51830107aa3/ijson-3.5.0-cp314-cp314t-manylinux2014_x86_64.manylinux_2_17_x86_64.manylinux_2_28_x86_64.whl", hash = "sha256:9636c710dc4ac4a281baa266a64f323b4cc165cec26836af702c44328b59a515", size = 208310, upload-time = "2026-02-24T03:58:04.759Z" },
    { url = "https://files.pythonhosted.org/packages/6a/ad/8b3105a78774fd4a65e534a21d975ef3a77e189489fe3029ebcaeba5e243/ijson-3.5.0-cp314-cp314t-musllinux_1_2_aarch64.whl", hash = "sha256:f7168a39e8211107666d71b25693fd1b2bac0b33735ef744114c403c6cac21e1", size = 211843, upload-time = "2026-02-24T03:58:05.836Z" },
    { url = "https://files.pythonhosted.org/packages/36/ab/a2739f6072d6e1160581bc3ed32da614c8cced023dcd519d9c5fa66e0425/ijson-3.5.0-cp314-cp314t-musllinux_1_2_i686.whl", hash = "sha256:8696454245415bc617ab03b0dc3ae4c86987df5dc6a90bad378fe72c5409d89e", size = 200906, upload-time = "2026-02-24T03:58:07.788Z" },
    { url = "https://files.pythonhosted.org/packages/6d/5e/e06c2de3c3d4a9cfb655c1ad08a68fb72838d271072cdd3196576ac4431a/ijson-3.5.0-cp314-cp314t-musllinux_1_2_x86_64.whl", hash = "sha256:c21bfb61f71f191565885bf1bc29e0a186292d866b4880637b833848360bdc1b", size = 205495, upload-time = "2026-02-24T03:58:09.163Z" },
    { url = "https://files.pythonhosted.org/packages/7c/11/778201eb2e202ddd76b36b0fb29bf3d8e3c167389d8aa883c62524e49f47/ijson-3.5.0-cp314-cp314t-win32.whl", hash = "sha256:a2619460d6795b70d0155e5bf016200ac8a63ab5397aa33588bb02b6c21759e6", size = 56280, upload-time = "2026-02-24T03:58:10.116Z" },
    { url = "https://files.pythonhosted.org/packages/23/28/96711503245339084c8086b892c47415895eba49782d6cc52d9f4ee50301/ijson-3.5.0-cp314-cp314t-win_amd64.whl", hash = "sha256:4f24b78d4ef028d17eb57ad1b16c0aed4a17bdd9badbf232dc5d9305b7e13854", size = 58965, upload-time = "2026-02-24T03:58:11.278Z" },
]
